// !$*UTF8*$!
{
	archiveVersion = 1;
	classes = {
	};
	objectVersion = 46;
	objects = {

/* Begin PBXBuildFile section */
		684034D01D279F7500BB27D4 /* AppDelegate.swift in Sources */ = {isa = PBXBuildFile; fileRef = 684034CF1D279F7500BB27D4 /* AppDelegate.swift */; };
		684034D21D279F7500BB27D4 /* ViewController.swift in Sources */ = {isa = PBXBuildFile; fileRef = 684034D11D279F7500BB27D4 /* ViewController.swift */; };
		684034D41D279F7500BB27D4 /* Assets.xcassets in Resources */ = {isa = PBXBuildFile; fileRef = 684034D31D279F7500BB27D4 /* Assets.xcassets */; };
		684034D71D279F7500BB27D4 /* Main.storyboard in Resources */ = {isa = PBXBuildFile; fileRef = 684034D51D279F7500BB27D4 /* Main.storyboard */; };
		684034DF1D27A16200BB27D4 /* NoTitleBarWindowController.swift in Sources */ = {isa = PBXBuildFile; fileRef = 684034DE1D27A16200BB27D4 /* NoTitleBarWindowController.swift */; };
/* End PBXBuildFile section */

/* Begin PBXFileReference section */
		684034CC1D279F7500BB27D4 /* CurrencyXLikeWindow.app */ = {isa = PBXFileReference; explicitFileType = wrapper.application; includeInIndex = 0; path = CurrencyXLikeWindow.app; sourceTree = BUILT_PRODUCTS_DIR; };
		684034CF1D279F7500BB27D4 /* AppDelegate.swift */ = {isa = PBXFileReference; lastKnownFileType = sourcecode.swift; path = AppDelegate.swift; sourceTree = "<group>"; };
		684034D11D279F7500BB27D4 /* ViewController.swift */ = {isa = PBXFileReference; lastKnownFileType = sourcecode.swift; path = ViewController.swift; sourceTree = "<group>"; };
		684034D31D279F7500BB27D4 /* Assets.xcassets */ = {isa = PBXFileReference; lastKnownFileType = folder.assetcatalog; path = Assets.xcassets; sourceTree = "<group>"; };
		684034D61D279F7500BB27D4 /* Base */ = {isa = PBXFileReference; lastKnownFileType = file.storyboard; name = Base; path = Base.lproj/Main.storyboard; sourceTree = "<group>"; };
		684034D81D279F7500BB27D4 /* Info.plist */ = {isa = PBXFileReference; lastKnownFileType = text.plist.xml; path = Info.plist; sourceTree = "<group>"; };
		684034DE1D27A16200BB27D4 /* NoTitleBarWindowController.swift */ = {isa = PBXFileReference; fileEncoding = 4; lastKnownFileType = sourcecode.swift; path = NoTitleBarWindowController.swift; sourceTree = "<group>"; };
/* End PBXFileReference section */

/* Begin PBXFrameworksBuildPhase section */
		684034C91D279F7500BB27D4 /* Frameworks */ = {
			isa = PBXFrameworksBuildPhase;
			buildActionMask = 2147483647;
			files = (
			);
			runOnlyForDeploymentPostprocessing = 0;
		};
/* End PBXFrameworksBuildPhase section */

/* Begin PBXGroup section */
		684034C31D279F7500BB27D4 = {
			isa = PBXGroup;
			children = (
				684034CE1D279F7500BB27D4 /* CurrencyXLikeWindow */,
				684034CD1D279F7500BB27D4 /* Products */,
			);
			sourceTree = "<group>";
		};
		684034CD1D279F7500BB27D4 /* Products */ = {
			isa = PBXGroup;
			children = (
				684034CC1D279F7500BB27D4 /* CurrencyXLikeWindow.app */,
			);
			name = Products;
			sourceTree = "<group>";
		};
		684034CE1D279F7500BB27D4 /* CurrencyXLikeWindow */ = {
			isa = PBXGroup;
			children = (
				684034CF1D279F7500BB27D4 /* AppDelegate.swift */,
				684034D11D279F7500BB27D4 /* ViewController.swift */,
				684034DE1D27A16200BB27D4 /* NoTitleBarWindowController.swift */,
				684034D31D279F7500BB27D4 /* Assets.xcassets */,
				684034D51D279F7500BB27D4 /* Main.storyboard */,
				684034D81D279F7500BB27D4 /* Info.plist */,
			);
			path = CurrencyXLikeWindow;
			sourceTree = "<group>";
		};
/* End PBXGroup section */

/* Begin PBXNativeTarget section */
		684034CB1D279F7500BB27D4 /* CurrencyXLikeWindow */ = {
			isa = PBXNativeTarget;
			buildConfigurationList = 684034DB1D279F7500BB27D4 /* Build configuration list for PBXNativeTarget "CurrencyXLikeWindow" */;
			buildPhases = (
				684034C81D279F7500BB27D4 /* Sources */,
				684034C91D279F7500BB27D4 /* Frameworks */,
				684034CA1D279F7500BB27D4 /* Resources */,
			);
			buildRules = (
			);
			dependencies = (
			);
			name = CurrencyXLikeWindow;
			productName = CurrencyXLikeWindow;
			productReference = 684034CC1D279F7500BB27D4 /* CurrencyXLikeWindow.app */;
			productType = "com.apple.product-type.application";
		};
/* End PBXNativeTarget section */

/* Begin PBXProject section */
		684034C41D279F7500BB27D4 /* Project object */ = {
			isa = PBXProject;
			attributes = {
				LastSwiftUpdateCheck = 0730;
				LastUpgradeCheck = 0730;
				ORGANIZATIONNAME = "Seed Lab";
				TargetAttributes = {
					684034CB1D279F7500BB27D4 = {
						CreatedOnToolsVersion = 7.3.1;
					};
				};
			};
			buildConfigurationList = 684034C71D279F7500BB27D4 /* Build configuration list for PBXProject "CurrencyXLikeWindow" */;
			compatibilityVersion = "Xcode 3.2";
			developmentRegion = English;
			hasScannedForEncodings = 0;
			knownRegions = (
				en,
				Base,
			);
			mainGroup = 684034C31D279F7500BB27D4;
			productRefGroup = 684034CD1D279F7500BB27D4 /* Products */;
			projectDirPath = "";
			projectRoot = "";
			targets = (
				684034CB1D279F7500BB27D4 /* CurrencyXLikeWindow */,
			);
		};
/* End PBXProject section */

/* Begin PBXResourcesBuildPhase section */
		684034CA1D279F7500BB27D4 /* Resources */ = {
			isa = PBXResourcesBuildPhase;
			buildActionMask = 2147483647;
			files = (
				684034D41D279F7500BB27D4 /* Assets.xcassets in Resources */,
				684034D71D279F7500BB27D4 /* Main.storyboard in Resources */,
			);
			runOnlyForDeploymentPostprocessing = 0;
		};
/* End PBXResourcesBuildPhase section */

/* Begin PBXSourcesBuildPhase section */
		684034C81D279F7500BB27D4 /* Sources */ = {
			isa = PBXSourcesBuildPhase;
			buildActionMask = 2147483647;
			files = (
				684034D21D279F7500BB27D4 /* ViewController.swift in Sources */,
				684034D01D279F7500BB27D4 /* AppDelegate.swift in Sources */,
				684034DF1D27A16200BB27D4 /* NoTitleBarWindowController.swift in Sources */,
			);
			runOnlyForDeploymentPostprocessing = 0;
		};
/* End PBXSourcesBuildPhase section */

/* Begin PBXVariantGroup section */
		684034D51D279F7500BB27D4 /* Main.storyboard */ = {
			isa = PBXVariantGroup;
			children = (
				684034D61D279F7500BB27D4 /* Base */,
			);
			name = Main.storyboard;
			sourceTree = "<group>";
		};
/* End PBXVariantGroup section */

/* Begin XCBuildConfiguration section */
		684034D91D279F7500BB27D4 /* Debug */ = {
			isa = XCBuildConfiguration;
			buildSettings = {
				ALWAYS_SEARCH_USER_PATHS = NO;
				CLANG_ANALYZER_NONNULL = YES;
				CLANG_CXX_LANGUAGE_STANDARD = "gnu++0x";
				CLANG_CXX_LIBRARY = "libc++";
				CLANG_ENABLE_MODULES = YES;
				CLANG_ENABLE_OBJC_ARC = YES;
				CLANG_WARN_BOOL_CONVERSION = YES;
				CLANG_WARN_CONSTANT_CONVERSION = YES;
				CLANG_WARN_DIRECT_OBJC_ISA_USAGE = YES_ERROR;
				CLANG_WARN_EMPTY_BODY = YES;
				CLANG_WARN_ENUM_CONVERSION = YES;
				CLANG_WARN_INT_CONVERSION = YES;
				CLANG_WARN_OBJC_ROOT_CLASS = YES_ERROR;
				CLANG_WARN_UNREACHABLE_CODE = YES;
				CLANG_WARN__DUPLICATE_METHOD_MATCH = YES;
				CODE_SIGN_IDENTITY = "-";
				COPY_PHASE_STRIP = NO;
				DEBUG_INFORMATION_FORMAT = dwarf;
				ENABLE_STRICT_OBJC_MSGSEND = YES;
				ENABLE_TESTABILITY = YES;
				GCC_C_LANGUAGE_STANDARD = gnu99;
				GCC_DYNAMIC_NO_PIC = NO;
				GCC_NO_COMMON_BLOCKS = YES;
				GCC_OPTIMIZATION_LEVEL = 0;
				GCC_PREPROCESSOR_DEFINITIONS = (
					"DEBUG=1",
					"$(inherited)",
				);
				GCC_WARN_64_TO_32_BIT_CONVERSION = YES;
				GCC_WARN_ABOUT_RETURN_TYPE = YES_ERROR;
				GCC_WARN_UNDECLARED_SELECTOR = YES;
				GCC_WARN_UNINITIALIZED_AUTOS = YES_AGGRESSIVE;
				GCC_WARN_UNUSED_FUNCTION = YES;
				GCC_WARN_UNUSED_VARIABLE = YES;
				MACOSX_DEPLOYMENT_TARGET = 10.11;
				MTL_ENABLE_DEBUG_INFO = YES;
				ONLY_ACTIVE_ARCH = YES;
				SDKROOT = macosx;
				SWIFT_OPTIMIZATION_LEVEL = "-Onone";
			};
			name = Debug;
		};
		684034DA1D279F7500BB27D4 /* Release */ = {
			isa = XCBuildConfiguration;
			buildSettings = {
				ALWAYS_SEARCH_USER_PATHS = NO;
				CLANG_ANALYZER_NONNULL = YES;
				CLANG_CXX_LANGUAGE_STANDARD = "gnu++0x";
				CLANG_CXX_LIBRARY = "libc++";
				CLANG_ENABLE_MODULES = YES;
				CLANG_ENABLE_OBJC_ARC = YES;
				CLANG_WARN_BOOL_CONVERSION = YES;
				CLANG_WARN_CONSTANT_CONVERSION = YES;
				CLANG_WARN_DIRECT_OBJC_ISA_USAGE = YES_ERROR;
				CLANG_WARN_EMPTY_BODY = YES;
				CLANG_WARN_ENUM_CONVERSION = YES;
				CLANG_WARN_INT_CONVERSION = YES;
				CLANG_WARN_OBJC_ROOT_CLASS = YES_ERROR;
				CLANG_WARN_UNREACHABLE_CODE = YES;
				CLANG_WARN__DUPLICATE_METHOD_MATCH = YES;
				CODE_SIGN_IDENTITY = "-";
				COPY_PHASE_STRIP = NO;
				DEBUG_INFORMATION_FORMAT = "dwarf-with-dsym";
				ENABLE_NS_ASSERTIONS = NO;
				ENABLE_STRICT_OBJC_MSGSEND = YES;
				GCC_C_LANGUAGE_STANDARD = gnu99;
				GCC_NO_COMMON_BLOCKS = YES;
				GCC_WARN_64_TO_32_BIT_CONVERSION = YES;
				GCC_WARN_ABOUT_RETURN_TYPE = YES_ERROR;
				GCC_WARN_UNDECLARED_SELECTOR = YES;
				GCC_WARN_UNINITIALIZED_AUTOS = YES_AGGRESSIVE;
				GCC_WARN_UNUSED_FUNCTION = YES;
				GCC_WARN_UNUSED_VARIABLE = YES;
				MACOSX_DEPLOYMENT_TARGET = 10.11;
				MTL_ENABLE_DEBUG_INFO = NO;
				SDKROOT = macosx;
			};
			name = Release;
		};
		684034DC1D279F7500BB27D4 /* Debug */ = {
			isa = XCBuildConfiguration;
			buildSettings = {
				ASSETCATALOG_COMPILER_APPICON_NAME = AppIcon;
				COMBINE_HIDPI_IMAGES = YES;
				INFOPLIST_FILE = CurrencyXLikeWindow/Info.plist;
				LD_RUNPATH_SEARCH_PATHS = "$(inherited) @executable_path/../Frameworks";
				PRODUCT_BUNDLE_IDENTIFIER = io.seedlab.CurrencyXLikeWindow;
				PRODUCT_NAME = "$(TARGET_NAME)";
			};
			name = Debug;
		};
		684034DD1D279F7500BB27D4 /* Release */ = {
			isa = XCBuildConfiguration;
			buildSettings = {
				ASSETCATALOG_COMPILER_APPICON_NAME = AppIcon;
				COMBINE_HIDPI_IMAGES = YES;
				INFOPLIST_FILE = CurrencyXLikeWindow/Info.plist;
				LD_RUNPATH_SEARCH_PATHS = "$(inherited) @executable_path/../Frameworks";
				PRODUCT_BUNDLE_IDENTIFIER = io.seedlab.CurrencyXLikeWindow;
				PRODUCT_NAME = "$(TARGET_NAME)";
			};
			name = Release;
		};
/* End XCBuildConfiguration section */

/* Begin XCConfigurationList section */
		684034C71D279F7500BB27D4 /* Build configuration list for PBXProject "CurrencyXLikeWindow" */ = {
			isa = XCConfigurationList;
			buildConfigurations = (
				684034D91D279F7500BB27D4 /* Debug */,
				684034DA1D279F7500BB27D4 /* Release */,
			);
			defaultConfigurationIsVisible = 0;
			defaultConfigurationName = Release;
		};
		684034DB1D279F7500BB27D4 /* Build configuration list for PBXNativeTarget "CurrencyXLikeWindow" */ = {
			isa = XCConfigurationList;
			buildConfigurations = (
				684034DC1D279F7500BB27D4 /* Debug */,
				684034DD1D279F7500BB27D4 /* Release */,
			);
			defaultConfigurationIsVisible = 0;
		};
/* End XCConfigurationList section */
	};
	rootObject = 684034C41D279F7500BB27D4 /* Project object */;
}
